
Microsoft Visual Studio Solution File, Format Version 12.00
# Visual Studio 15
Project("{FAE04EC0-301F-11D3-BF4B-00C04F79EFBC}") = "Assembly-CSharp", "Assembly-CSharp.csproj", "{A411C30D-8A83-329D-AC5D-368D768CDCA0}"
EndProject
Project("{FAE04EC0-301F-11D3-BF4B-00C04F79EFBC}") = "Assembly-CSharp-firstpass", "Assembly-CSharp-firstpass.csproj", "{970E3BE6-1CA2-F24E-0B33-7DFF0EDDFD03}"
EndProject
Global
	GlobalSection(SolutionConfigurationPlatforms) = preSolution
		Debug|Any CPU = Debug|Any CPU
		Release|Any CPU = Release|Any CPU
	EndGlobalSection
	GlobalSection(ProjectConfigurationPlatforms) = postSolution
		{A411C30D-8A83-329D-AC5D-368D768CDCA0}.Debug|Any CPU.ActiveCfg = Debug|Any CPU
		{A411C30D-8A83-329D-AC5D-368D768CDCA0}.Debug|Any CPU.Build.0 = Debug|Any CPU
		{A411C30D-8A83-329D-AC5D-368D768CDCA0}.Release|Any CPU.ActiveCfg = Release|Any CPU
		{A411C30D-8A83-329D-AC5D-368D768CDCA0}.Release|Any CPU.Build.0 = Release|Any CPU
		{970E3BE6-1CA2-F24E-0B33-7DFF0EDDFD03}.Debug|Any CPU.ActiveCfg = Debug|Any CPU
		{970E3BE6-1CA2-F24E-0B33-7DFF0EDDFD03}.Debug|Any CPU.Build.0 = Debug|Any CPU
		{970E3BE6-1CA2-F24E-0B33-7DFF0EDDFD03}.Release|Any CPU.ActiveCfg = Release|Any CPU
		{970E3BE6-1CA2-F24E-0B33-7DFF0EDDFD03}.Release|Any CPU.Build.0 = Release|Any CPU
	EndGlobalSection
	GlobalSection(SolutionProperties) = preSolution
		HideSolutionNode = FALSE
	EndGlobalSection
EndGlobal
